
Microsoft Visual Studio Solution File, Format Version 12.00
# Visual Studio Version 16
VisualStudioVersion = 16.0.31624.102
MinimumVisualStudioVersion = 10.0.40219.1
Project("{FAE04EC0-301F-11D3-BF4B-00C04F79EFBC}") = "Pierwszy projekt", "Pierwszy projekt\Pierwszy projekt.csproj", "{27D92294-2B71-45D7-BD18-3D738D59A583}"
EndProject
Project("{FAE04EC0-301F-11D3-BF4B-00C04F79EFBC}") = "DaneOsobowe", "DaneOsobowe\DaneOsobowe.csproj", "{9A9728E6-979E-4EB7-9AEF-787DD63709CD}"
EndProject
Project("{FAE04EC0-301F-11D3-BF4B-00C04F79EFBC}") = "Konstruktory", "Konstruktory\Konstruktory.csproj", "{CC9FCF0F-95E2-4FD5-9F13-9B621747BE26}"
EndProject
Project("{FAE04EC0-301F-11D3-BF4B-00C04F79EFBC}") = "Dziedziczenie", "Dziedziczenie\Dziedziczenie.csproj", "{D7257889-E2F9-4369-BE11-A85A58F47986}"
EndProject
Project("{FAE04EC0-301F-11D3-BF4B-00C04F79EFBC}") = "Ulamki", "Ulamki\Ulamki.csproj", "{017F0E28-C24B-4375-8AE3-EA54F386EDA9}"
EndProject
Project("{9A19103F-16F7-4668-BE54-9A1E7A4F7556}") = "Obsługa błedów", "Obsługa błedów\Obsługa błedów.csproj", "{14CF34E2-3C9E-4791-8B42-9FDACEC8C6A2}"
EndProject
Project("{9A19103F-16F7-4668-BE54-9A1E7A4F7556}") = "Przetwarzanie numeru pesel", "Przetwarzanie numeru pesel\Przetwarzanie numeru pesel.csproj", "{135C900B-2E90-446C-A071-C0501BCC32EE}"
EndProject
Project("{9A19103F-16F7-4668-BE54-9A1E7A4F7556}") = "Delegaty", "Delegaty\Delegaty.csproj", "{A72B4EBC-8C68-43B3-A0AE-ECE35894AC6A}"
EndProject
Project("{9A19103F-16F7-4668-BE54-9A1E7A4F7556}") = "Kolekcje", "Kolekcje\Kolekcje.csproj", "{3D27A825-7D6C-4895-98DC-6038EE000C2C}"
EndProject
Project("{2150E333-8FDC-42A3-9474-1A3956D46DE8}") = "Console", "Console", "{3DF51FB1-EC1D-4DA8-BE34-04BDD6EA95C6}"
EndProject
Project("{2150E333-8FDC-42A3-9474-1A3956D46DE8}") = "WinForms", "WinForms", "{0DDF6A2B-491B-4918-8359-74DA2C16B3B6}"
EndProject
Project("{9A19103F-16F7-4668-BE54-9A1E7A4F7556}") = "FirstWinFormsApp1", "FirstWinFormsApp1\FirstWinFormsApp1.csproj", "{6F343407-9D33-4477-9610-FE4B0D9D08DE}"
EndProject
Project("{9A19103F-16F7-4668-BE54-9A1E7A4F7556}") = "simpleCalculator", "simpleCalculator\simpleCalculator.csproj", "{91D256B8-4637-4D9D-B0C5-4DDFD81552E4}"
EndProject
Project("{FAE04EC0-301F-11D3-BF4B-00C04F79EFBC}") = "TicTacToe", "TicTacToe\TicTacToe.csproj", "{7282F0DE-ABB0-4E93-B5C8-239C0B303F5A}"
EndProject
Global
	GlobalSection(SolutionConfigurationPlatforms) = preSolution
		Debug|Any CPU = Debug|Any CPU
		Release|Any CPU = Release|Any CPU
	EndGlobalSection
	GlobalSection(ProjectConfigurationPlatforms) = postSolution
		{27D92294-2B71-45D7-BD18-3D738D59A583}.Debug|Any CPU.ActiveCfg = Debug|Any CPU
		{27D92294-2B71-45D7-BD18-3D738D59A583}.Debug|Any CPU.Build.0 = Debug|Any CPU
		{27D92294-2B71-45D7-BD18-3D738D59A583}.Release|Any CPU.ActiveCfg = Release|Any CPU
		{27D92294-2B71-45D7-BD18-3D738D59A583}.Release|Any CPU.Build.0 = Release|Any CPU
		{9A9728E6-979E-4EB7-9AEF-787DD63709CD}.Debug|Any CPU.ActiveCfg = Debug|Any CPU
		{9A9728E6-979E-4EB7-9AEF-787DD63709CD}.Debug|Any CPU.Build.0 = Debug|Any CPU
		{9A9728E6-979E-4EB7-9AEF-787DD63709CD}.Release|Any CPU.ActiveCfg = Release|Any CPU
		{9A9728E6-979E-4EB7-9AEF-787DD63709CD}.Release|Any CPU.Build.0 = Release|Any CPU
		{CC9FCF0F-95E2-4FD5-9F13-9B621747BE26}.Debug|Any CPU.ActiveCfg = Debug|Any CPU
		{CC9FCF0F-95E2-4FD5-9F13-9B621747BE26}.Debug|Any CPU.Build.0 = Debug|Any CPU
		{CC9FCF0F-95E2-4FD5-9F13-9B621747BE26}.Release|Any CPU.ActiveCfg = Release|Any CPU
		{CC9FCF0F-95E2-4FD5-9F13-9B621747BE26}.Release|Any CPU.Build.0 = Release|Any CPU
		{D7257889-E2F9-4369-BE11-A85A58F47986}.Debug|Any CPU.ActiveCfg = Debug|Any CPU
		{D7257889-E2F9-4369-BE11-A85A58F47986}.Debug|Any CPU.Build.0 = Debug|Any CPU
		{D7257889-E2F9-4369-BE11-A85A58F47986}.Release|Any CPU.ActiveCfg = Release|Any CPU
		{D7257889-E2F9-4369-BE11-A85A58F47986}.Release|Any CPU.Build.0 = Release|Any CPU
		{017F0E28-C24B-4375-8AE3-EA54F386EDA9}.Debug|Any CPU.ActiveCfg = Debug|Any CPU
		{017F0E28-C24B-4375-8AE3-EA54F386EDA9}.Debug|Any CPU.Build.0 = Debug|Any CPU
		{017F0E28-C24B-4375-8AE3-EA54F386EDA9}.Release|Any CPU.ActiveCfg = Release|Any CPU
		{017F0E28-C24B-4375-8AE3-EA54F386EDA9}.Release|Any CPU.Build.0 = Release|Any CPU
		{14CF34E2-3C9E-4791-8B42-9FDACEC8C6A2}.Debug|Any CPU.ActiveCfg = Debug|Any CPU
		{14CF34E2-3C9E-4791-8B42-9FDACEC8C6A2}.Debug|Any CPU.Build.0 = Debug|Any CPU
		{14CF34E2-3C9E-4791-8B42-9FDACEC8C6A2}.Release|Any CPU.ActiveCfg = Release|Any CPU
		{14CF34E2-3C9E-4791-8B42-9FDACEC8C6A2}.Release|Any CPU.Build.0 = Release|Any CPU
		{135C900B-2E90-446C-A071-C0501BCC32EE}.Debug|Any CPU.ActiveCfg = Debug|Any CPU
		{135C900B-2E90-446C-A071-C0501BCC32EE}.Debug|Any CPU.Build.0 = Debug|Any CPU
		{135C900B-2E90-446C-A071-C0501BCC32EE}.Release|Any CPU.ActiveCfg = Release|Any CPU
		{135C900B-2E90-446C-A071-C0501BCC32EE}.Release|Any CPU.Build.0 = Release|Any CPU
		{A72B4EBC-8C68-43B3-A0AE-ECE35894AC6A}.Debug|Any CPU.ActiveCfg = Debug|Any CPU
		{A72B4EBC-8C68-43B3-A0AE-ECE35894AC6A}.Debug|Any CPU.Build.0 = Debug|Any CPU
		{A72B4EBC-8C68-43B3-A0AE-ECE35894AC6A}.Release|Any CPU.ActiveCfg = Release|Any CPU
		{A72B4EBC-8C68-43B3-A0AE-ECE35894AC6A}.Release|Any CPU.Build.0 = Release|Any CPU
		{3D27A825-7D6C-4895-98DC-6038EE000C2C}.Debug|Any CPU.ActiveCfg = Debug|Any CPU
		{3D27A825-7D6C-4895-98DC-6038EE000C2C}.Debug|Any CPU.Build.0 = Debug|Any CPU
		{3D27A825-7D6C-4895-98DC-6038EE000C2C}.Release|Any CPU.ActiveCfg = Release|Any CPU
		{3D27A825-7D6C-4895-98DC-6038EE000C2C}.Release|Any CPU.Build.0 = Release|Any CPU
		{6F343407-9D33-4477-9610-FE4B0D9D08DE}.Debug|Any CPU.ActiveCfg = Debug|Any CPU
		{6F343407-9D33-4477-9610-FE4B0D9D08DE}.Debug|Any CPU.Build.0 = Debug|Any CPU
		{6F343407-9D33-4477-9610-FE4B0D9D08DE}.Release|Any CPU.ActiveCfg = Release|Any CPU
		{6F343407-9D33-4477-9610-FE4B0D9D08DE}.Release|Any CPU.Build.0 = Release|Any CPU
		{91D256B8-4637-4D9D-B0C5-4DDFD81552E4}.Debug|Any CPU.ActiveCfg = Debug|Any CPU
		{91D256B8-4637-4D9D-B0C5-4DDFD81552E4}.Debug|Any CPU.Build.0 = Debug|Any CPU
		{91D256B8-4637-4D9D-B0C5-4DDFD81552E4}.Release|Any CPU.ActiveCfg = Release|Any CPU
		{91D256B8-4637-4D9D-B0C5-4DDFD81552E4}.Release|Any CPU.Build.0 = Release|Any CPU
		{7282F0DE-ABB0-4E93-B5C8-239C0B303F5A}.Debug|Any CPU.ActiveCfg = Debug|Any CPU
		{7282F0DE-ABB0-4E93-B5C8-239C0B303F5A}.Debug|Any CPU.Build.0 = Debug|Any CPU
		{7282F0DE-ABB0-4E93-B5C8-239C0B303F5A}.Release|Any CPU.ActiveCfg = Release|Any CPU
		{7282F0DE-ABB0-4E93-B5C8-239C0B303F5A}.Release|Any CPU.Build.0 = Release|Any CPU
	EndGlobalSection
	GlobalSection(SolutionProperties) = preSolution
		HideSolutionNode = FALSE
	EndGlobalSection
	GlobalSection(NestedProjects) = preSolution
		{27D92294-2B71-45D7-BD18-3D738D59A583} = {3DF51FB1-EC1D-4DA8-BE34-04BDD6EA95C6}
		{9A9728E6-979E-4EB7-9AEF-787DD63709CD} = {3DF51FB1-EC1D-4DA8-BE34-04BDD6EA95C6}
		{CC9FCF0F-95E2-4FD5-9F13-9B621747BE26} = {3DF51FB1-EC1D-4DA8-BE34-04BDD6EA95C6}
		{D7257889-E2F9-4369-BE11-A85A58F47986} = {3DF51FB1-EC1D-4DA8-BE34-04BDD6EA95C6}
		{017F0E28-C24B-4375-8AE3-EA54F386EDA9} = {3DF51FB1-EC1D-4DA8-BE34-04BDD6EA95C6}
		{14CF34E2-3C9E-4791-8B42-9FDACEC8C6A2} = {3DF51FB1-EC1D-4DA8-BE34-04BDD6EA95C6}
		{135C900B-2E90-446C-A071-C0501BCC32EE} = {3DF51FB1-EC1D-4DA8-BE34-04BDD6EA95C6}
		{A72B4EBC-8C68-43B3-A0AE-ECE35894AC6A} = {3DF51FB1-EC1D-4DA8-BE34-04BDD6EA95C6}
		{3D27A825-7D6C-4895-98DC-6038EE000C2C} = {3DF51FB1-EC1D-4DA8-BE34-04BDD6EA95C6}
		{6F343407-9D33-4477-9610-FE4B0D9D08DE} = {0DDF6A2B-491B-4918-8359-74DA2C16B3B6}
		{91D256B8-4637-4D9D-B0C5-4DDFD81552E4} = {0DDF6A2B-491B-4918-8359-74DA2C16B3B6}
		{7282F0DE-ABB0-4E93-B5C8-239C0B303F5A} = {0DDF6A2B-491B-4918-8359-74DA2C16B3B6}
	EndGlobalSection
	GlobalSection(ExtensibilityGlobals) = postSolution
		SolutionGuid = {84F08BD6-5A7E-457E-BB97-0994CB37C669}
	EndGlobalSection
EndGlobal
